
Microsoft Visual Studio Solution File, Format Version 11.00
# Visual Studio 2010
Project("{FAE04EC0-301F-11D3-BF4B-00C04F79EFBC}") = "Simon.Provider.Demo", "Simon.Provider.Demo\Simon.Provider.Demo.csproj", "{E671D9D5-294E-467D-9F19-41D377197799}"
EndProject
Project("{FAE04EC0-301F-11D3-BF4B-00C04F79EFBC}") = "Simon.Provider.Library", "Simon.Provider.Libary\Simon.Provider.Library.csproj", "{1E0E1005-4013-4A29-BE71-78E7EDAC7835}"
EndProject
Global
	GlobalSection(SolutionConfigurationPlatforms) = preSolution
		Debug|Any CPU = Debug|Any CPU
		Debug|Mixed Platforms = Debug|Mixed Platforms
		Debug|x86 = Debug|x86
		Release|Any CPU = Release|Any CPU
		Release|Mixed Platforms = Release|Mixed Platforms
		Release|x86 = Release|x86
	EndGlobalSection
	GlobalSection(ProjectConfigurationPlatforms) = postSolution
		{E671D9D5-294E-467D-9F19-41D377197799}.Debug|Any CPU.ActiveCfg = Debug|x86
		{E671D9D5-294E-467D-9F19-41D377197799}.Debug|Mixed Platforms.ActiveCfg = Debug|x86
		{E671D9D5-294E-467D-9F19-41D377197799}.Debug|Mixed Platforms.Build.0 = Debug|x86
		{E671D9D5-294E-467D-9F19-41D377197799}.Debug|x86.ActiveCfg = Debug|x86
		{E671D9D5-294E-467D-9F19-41D377197799}.Debug|x86.Build.0 = Debug|x86
		{E671D9D5-294E-467D-9F19-41D377197799}.Release|Any CPU.ActiveCfg = Release|x86
		{E671D9D5-294E-467D-9F19-41D377197799}.Release|Mixed Platforms.ActiveCfg = Release|x86
		{E671D9D5-294E-467D-9F19-41D377197799}.Release|Mixed Platforms.Build.0 = Release|x86
		{E671D9D5-294E-467D-9F19-41D377197799}.Release|x86.ActiveCfg = Release|x86
		{E671D9D5-294E-467D-9F19-41D377197799}.Release|x86.Build.0 = Release|x86
		{1E0E1005-4013-4A29-BE71-78E7EDAC7835}.Debug|Any CPU.ActiveCfg = Debug|Any CPU
		{1E0E1005-4013-4A29-BE71-78E7EDAC7835}.Debug|Any CPU.Build.0 = Debug|Any CPU
		{1E0E1005-4013-4A29-BE71-78E7EDAC7835}.Debug|Mixed Platforms.ActiveCfg = Debug|Any CPU
		{1E0E1005-4013-4A29-BE71-78E7EDAC7835}.Debug|Mixed Platforms.Build.0 = Debug|Any CPU
		{1E0E1005-4013-4A29-BE71-78E7EDAC7835}.Debug|x86.ActiveCfg = Debug|Any CPU
		{1E0E1005-4013-4A29-BE71-78E7EDAC7835}.Release|Any CPU.ActiveCfg = Release|Any CPU
		{1E0E1005-4013-4A29-BE71-78E7EDAC7835}.Release|Any CPU.Build.0 = Release|Any CPU
		{1E0E1005-4013-4A29-BE71-78E7EDAC7835}.Release|Mixed Platforms.ActiveCfg = Release|Any CPU
		{1E0E1005-4013-4A29-BE71-78E7EDAC7835}.Release|Mixed Platforms.Build.0 = Release|Any CPU
		{1E0E1005-4013-4A29-BE71-78E7EDAC7835}.Release|x86.ActiveCfg = Release|Any CPU
	EndGlobalSection
	GlobalSection(SolutionProperties) = preSolution
		HideSolutionNode = FALSE
	EndGlobalSection
EndGlobal
